// !$*UTF8*$!
{
	archiveVersion = 1;
	classes = {
	};
	objectVersion = 45;
	objects = {

/* Begin PBXBuildFile section */
		1DDD582C0DA1D0D100B32029 /* MyDocument.xib in Resources */ = {isa = PBXBuildFile; fileRef = 1DDD58280DA1D0D100B32029 /* MyDocument.xib */; };
		1DDD582D0DA1D0D100B32029 /* MainMenu.xib in Resources */ = {isa = PBXBuildFile; fileRef = 1DDD582A0DA1D0D100B32029 /* MainMenu.xib */; };
		2E177E641304088300BA1CA0 /* RemoteControl.m in Sources */ = {isa = PBXBuildFile; fileRef = 2E177E5D1304088300BA1CA0 /* RemoteControl.m */; };
		2E177E651304088300BA1CA0 /* HIDRemoteControlDevice.m in Sources */ = {isa = PBXBuildFile; fileRef = 2E177E5F1304088300BA1CA0 /* HIDRemoteControlDevice.m */; };
		2E177E661304088300BA1CA0 /* AppleRemote.m in Sources */ = {isa = PBXBuildFile; fileRef = 2E177E611304088300BA1CA0 /* AppleRemote.m */; };
		2E177E671304088300BA1CA0 /* MultiClickRemoteBehavior.m in Sources */ = {isa = PBXBuildFile; fileRef = 2E177E631304088300BA1CA0 /* MultiClickRemoteBehavior.m */; };
		2E177E6B1304224500BA1CA0 /* IOKit.framework in Frameworks */ = {isa = PBXBuildFile; fileRef = 2E177E6A1304224400BA1CA0 /* IOKit.framework */; };
		2E177E6D1304360600BA1CA0 /* Credits.rtf in Resources */ = {isa = PBXBuildFile; fileRef = 2E177E6C1304360600BA1CA0 /* Credits.rtf */; };
		2E177E6F130436C500BA1CA0 /* LICENSE in Resources */ = {isa = PBXBuildFile; fileRef = 2E177E6E130436C500BA1CA0 /* LICENSE */; };
		2E177E711304395500BA1CA0 /* README.md in Resources */ = {isa = PBXBuildFile; fileRef = 2E177E701304395500BA1CA0 /* README.md */; };
		2E94D7A31302F561009CBF8E /* TimerWindowController.m in Sources */ = {isa = PBXBuildFile; fileRef = 2E94D7A21302F561009CBF8E /* TimerWindowController.m */; };
		2E94D7A61302F5D7009CBF8E /* TimerWindow.xib in Resources */ = {isa = PBXBuildFile; fileRef = 2E94D7A51302F5D7009CBF8E /* TimerWindow.xib */; };
		2EDBE87B1303E30B00C28FA9 /* AppDelegate.m in Sources */ = {isa = PBXBuildFile; fileRef = 2EDBE87A1303E30B00C28FA9 /* AppDelegate.m */; };
		4E43F462119A99AF00262785 /* SyncronizedPDFView.m in Sources */ = {isa = PBXBuildFile; fileRef = 4E43F461119A99AF00262785 /* SyncronizedPDFView.m */; };
		4E43F51D119AF52100262785 /* PreviewPDFView.m in Sources */ = {isa = PBXBuildFile; fileRef = 4E43F51C119AF52100262785 /* PreviewPDFView.m */; };
		4ED23BE31195C0D50098B479 /* FullscreenWindow.m in Sources */ = {isa = PBXBuildFile; fileRef = 4ED23BE21195C0D50098B479 /* FullscreenWindow.m */; };
		4EF3E35A119323B500F79E6D /* MainWindowController.m in Sources */ = {isa = PBXBuildFile; fileRef = 4EF3E359119323B500F79E6D /* MainWindowController.m */; };
		4EF3E35F1193249500F79E6D /* Quartz.framework in Frameworks */ = {isa = PBXBuildFile; fileRef = 4EF3E35E1193249500F79E6D /* Quartz.framework */; };
		8D15AC2F0486D014006FF6A4 /* InfoPlist.strings in Resources */ = {isa = PBXBuildFile; fileRef = 089C165FFE840EACC02AAC07 /* InfoPlist.strings */; };
		8D15AC310486D014006FF6A4 /* MyDocument.m in Sources */ = {isa = PBXBuildFile; fileRef = 2A37F4ACFDCFA73011CA2CEA /* MyDocument.m */; settings = {ATTRIBUTES = (); }; };
		8D15AC320486D014006FF6A4 /* main.m in Sources */ = {isa = PBXBuildFile; fileRef = 2A37F4B0FDCFA73011CA2CEA /* main.m */; settings = {ATTRIBUTES = (); }; };
		8D15AC340486D014006FF6A4 /* Cocoa.framework in Frameworks */ = {isa = PBXBuildFile; fileRef = 1058C7A7FEA54F5311CA2CBB /* Cocoa.framework */; };
/* End PBXBuildFile section */

/* Begin PBXFileReference section */
		089C1660FE840EACC02AAC07 /* English */ = {isa = PBXFileReference; fileEncoding = 4; lastKnownFileType = text.plist.strings; name = English; path = English.lproj/InfoPlist.strings; sourceTree = "<group>"; };
		1058C7A7FEA54F5311CA2CBB /* Cocoa.framework */ = {isa = PBXFileReference; lastKnownFileType = wrapper.framework; name = Cocoa.framework; path = /System/Library/Frameworks/Cocoa.framework; sourceTree = "<absolute>"; };
		13E42FBA07B3F13500E4EEF1 /* CoreData.framework */ = {isa = PBXFileReference; lastKnownFileType = wrapper.framework; name = CoreData.framework; path = /System/Library/Frameworks/CoreData.framework; sourceTree = "<absolute>"; };
		1DDD58290DA1D0D100B32029 /* English */ = {isa = PBXFileReference; lastKnownFileType = file.xib; name = English; path = English.lproj/MyDocument.xib; sourceTree = "<group>"; };
		2564AD2C0F5327BB00F57823 /* PDFPresenter_Prefix.pch */ = {isa = PBXFileReference; fileEncoding = 4; lastKnownFileType = sourcecode.c.h; path = PDFPresenter_Prefix.pch; sourceTree = "<group>"; };
		2A37F4ACFDCFA73011CA2CEA /* MyDocument.m */ = {isa = PBXFileReference; fileEncoding = 4; lastKnownFileType = sourcecode.c.objc; path = MyDocument.m; sourceTree = "<group>"; };
		2A37F4AEFDCFA73011CA2CEA /* MyDocument.h */ = {isa = PBXFileReference; fileEncoding = 4; lastKnownFileType = sourcecode.c.h; path = MyDocument.h; sourceTree = "<group>"; };
		2A37F4B0FDCFA73011CA2CEA /* main.m */ = {isa = PBXFileReference; fileEncoding = 4; lastKnownFileType = sourcecode.c.objc; path = main.m; sourceTree = "<group>"; };
		2A37F4C4FDCFA73011CA2CEA /* AppKit.framework */ = {isa = PBXFileReference; lastKnownFileType = wrapper.framework; name = AppKit.framework; path = /System/Library/Frameworks/AppKit.framework; sourceTree = "<absolute>"; };
		2A37F4C5FDCFA73011CA2CEA /* Foundation.framework */ = {isa = PBXFileReference; lastKnownFileType = wrapper.framework; name = Foundation.framework; path = /System/Library/Frameworks/Foundation.framework; sourceTree = "<absolute>"; };
		2E177E5C1304088300BA1CA0 /* RemoteControl.h */ = {isa = PBXFileReference; fileEncoding = 4; lastKnownFileType = sourcecode.c.h; path = RemoteControl.h; sourceTree = "<group>"; };
		2E177E5D1304088300BA1CA0 /* RemoteControl.m */ = {isa = PBXFileReference; fileEncoding = 4; lastKnownFileType = sourcecode.c.objc; path = RemoteControl.m; sourceTree = "<group>"; };
		2E177E5E1304088300BA1CA0 /* HIDRemoteControlDevice.h */ = {isa = PBXFileReference; fileEncoding = 4; lastKnownFileType = sourcecode.c.h; path = HIDRemoteControlDevice.h; sourceTree = "<group>"; };
		2E177E5F1304088300BA1CA0 /* HIDRemoteControlDevice.m */ = {isa = PBXFileReference; fileEncoding = 4; lastKnownFileType = sourcecode.c.objc; path = HIDRemoteControlDevice.m; sourceTree = "<group>"; };
		2E177E601304088300BA1CA0 /* AppleRemote.h */ = {isa = PBXFileReference; fileEncoding = 4; lastKnownFileType = sourcecode.c.h; path = AppleRemote.h; sourceTree = "<group>"; };
		2E177E611304088300BA1CA0 /* AppleRemote.m */ = {isa = PBXFileReference; fileEncoding = 4; lastKnownFileType = sourcecode.c.objc; path = AppleRemote.m; sourceTree = "<group>"; };
		2E177E621304088300BA1CA0 /* MultiClickRemoteBehavior.h */ = {isa = PBXFileReference; fileEncoding = 4; lastKnownFileType = sourcecode.c.h; path = MultiClickRemoteBehavior.h; sourceTree = "<group>"; };
		2E177E631304088300BA1CA0 /* MultiClickRemoteBehavior.m */ = {isa = PBXFileReference; fileEncoding = 4; lastKnownFileType = sourcecode.c.objc; path = MultiClickRemoteBehavior.m; sourceTree = "<group>"; };
		2E177E6A1304224400BA1CA0 /* IOKit.framework */ = {isa = PBXFileReference; lastKnownFileType = wrapper.framework; name = IOKit.framework; path = System/Library/Frameworks/IOKit.framework; sourceTree = SDKROOT; };
		2E177E6C1304360600BA1CA0 /* Credits.rtf */ = {isa = PBXFileReference; fileEncoding = 4; lastKnownFileType = text.rtf; path = Credits.rtf; sourceTree = "<group>"; };
		2E177E6E130436C500BA1CA0 /* LICENSE */ = {isa = PBXFileReference; fileEncoding = 4; lastKnownFileType = text; path = LICENSE; sourceTree = "<group>"; };
		2E177E701304395500BA1CA0 /* README.md */ = {isa = PBXFileReference; fileEncoding = 4; lastKnownFileType = text; path = README.md; sourceTree = "<group>"; };
		2E94D7A11302F561009CBF8E /* TimerWindowController.h */ = {isa = PBXFileReference; fileEncoding = 4; lastKnownFileType = sourcecode.c.h; path = TimerWindowController.h; sourceTree = "<group>"; };
		2E94D7A21302F561009CBF8E /* TimerWindowController.m */ = {isa = PBXFileReference; fileEncoding = 4; lastKnownFileType = sourcecode.c.objc; path = TimerWindowController.m; sourceTree = "<group>"; };
		2E94D7A51302F5D7009CBF8E /* TimerWindow.xib */ = {isa = PBXFileReference; lastKnownFileType = file.xib; path = TimerWindow.xib; sourceTree = "<group>"; };
		2EDBE8791303E30B00C28FA9 /* AppDelegate.h */ = {isa = PBXFileReference; fileEncoding = 4; lastKnownFileType = sourcecode.c.h; path = AppDelegate.h; sourceTree = "<group>"; };
		2EDBE87A1303E30B00C28FA9 /* AppDelegate.m */ = {isa = PBXFileReference; fileEncoding = 4; lastKnownFileType = sourcecode.c.objc; path = AppDelegate.m; sourceTree = "<group>"; };
		2EF58E5312F87A18008EB121 /* German */ = {isa = PBXFileReference; lastKnownFileType = file.xib; name = German; path = German.lproj/MainMenu.xib; sourceTree = "<group>"; };
		4E43F460119A99AF00262785 /* SyncronizedPDFView.h */ = {isa = PBXFileReference; fileEncoding = 4; lastKnownFileType = sourcecode.c.h; path = SyncronizedPDFView.h; sourceTree = "<group>"; };
		4E43F461119A99AF00262785 /* SyncronizedPDFView.m */ = {isa = PBXFileReference; fileEncoding = 4; lastKnownFileType = sourcecode.c.objc; path = SyncronizedPDFView.m; sourceTree = "<group>"; };
		4E43F51B119AF52100262785 /* PreviewPDFView.h */ = {isa = PBXFileReference; fileEncoding = 4; lastKnownFileType = sourcecode.c.h; path = PreviewPDFView.h; sourceTree = "<group>"; };
		4E43F51C119AF52100262785 /* PreviewPDFView.m */ = {isa = PBXFileReference; fileEncoding = 4; lastKnownFileType = sourcecode.c.objc; path = PreviewPDFView.m; sourceTree = "<group>"; };
		4ED23BE11195C0D50098B479 /* FullscreenWindow.h */ = {isa = PBXFileReference; fileEncoding = 4; lastKnownFileType = sourcecode.c.h; path = FullscreenWindow.h; sourceTree = "<group>"; };
		4ED23BE21195C0D50098B479 /* FullscreenWindow.m */ = {isa = PBXFileReference; fileEncoding = 4; lastKnownFileType = sourcecode.c.objc; path = FullscreenWindow.m; sourceTree = "<group>"; };
		4EE3EA1F119B2E8600A11CCA /* PDF Presenter.app */ = {isa = PBXFileReference; explicitFileType = wrapper.application; includeInIndex = 0; path = "PDF Presenter.app"; sourceTree = BUILT_PRODUCTS_DIR; };
		4EF3E358119323B500F79E6D /* MainWindowController.h */ = {isa = PBXFileReference; fileEncoding = 4; lastKnownFileType = sourcecode.c.h; path = MainWindowController.h; sourceTree = "<group>"; };
		4EF3E359119323B500F79E6D /* MainWindowController.m */ = {isa = PBXFileReference; fileEncoding = 4; lastKnownFileType = sourcecode.c.objc; path = MainWindowController.m; sourceTree = "<group>"; };
		4EF3E35E1193249500F79E6D /* Quartz.framework */ = {isa = PBXFileReference; lastKnownFileType = wrapper.framework; name = Quartz.framework; path = /System/Library/Frameworks/Quartz.framework; sourceTree = "<absolute>"; };
		8D15AC360486D014006FF6A4 /* PDFPresenter-Info.plist */ = {isa = PBXFileReference; fileEncoding = 4; lastKnownFileType = text.plist.xml; path = "PDFPresenter-Info.plist"; sourceTree = "<group>"; };
/* End PBXFileReference section */

/* Begin PBXFrameworksBuildPhase section */
		8D15AC330486D014006FF6A4 /* Frameworks */ = {
			isa = PBXFrameworksBuildPhase;
			buildActionMask = 2147483647;
			files = (
				2E177E6B1304224500BA1CA0 /* IOKit.framework in Frameworks */,
				8D15AC340486D014006FF6A4 /* Cocoa.framework in Frameworks */,
				4EF3E35F1193249500F79E6D /* Quartz.framework in Frameworks */,
			);
			runOnlyForDeploymentPostprocessing = 0;
		};
/* End PBXFrameworksBuildPhase section */

/* Begin PBXGroup section */
		1058C7A6FEA54F5311CA2CBB /* Linked Frameworks */ = {
			isa = PBXGroup;
			children = (
				4EF3E35E1193249500F79E6D /* Quartz.framework */,
				1058C7A7FEA54F5311CA2CBB /* Cocoa.framework */,
			);
			name = "Linked Frameworks";
			sourceTree = "<group>";
		};
		1058C7A8FEA54F5311CA2CBB /* Other Frameworks */ = {
			isa = PBXGroup;
			children = (
				2A37F4C4FDCFA73011CA2CEA /* AppKit.framework */,
				13E42FBA07B3F13500E4EEF1 /* CoreData.framework */,
				2A37F4C5FDCFA73011CA2CEA /* Foundation.framework */,
			);
			name = "Other Frameworks";
			sourceTree = "<group>";
		};
		19C28FB0FE9D524F11CA2CBB /* Products */ = {
			isa = PBXGroup;
			children = (
				4EE3EA1F119B2E8600A11CCA /* PDF Presenter.app */,
			);
			name = Products;
			sourceTree = "<group>";
		};
		2A37F4AAFDCFA73011CA2CEA /* PDFPresenter */ = {
			isa = PBXGroup;
			children = (
				2E177E6A1304224400BA1CA0 /* IOKit.framework */,
				2A37F4ABFDCFA73011CA2CEA /* Classes */,
				2A37F4AFFDCFA73011CA2CEA /* Other Sources */,
				2A37F4B8FDCFA73011CA2CEA /* Resources */,
				2A37F4C3FDCFA73011CA2CEA /* Frameworks */,
				19C28FB0FE9D524F11CA2CBB /* Products */,
			);
			name = PDFPresenter;
			sourceTree = "<group>";
		};
		2A37F4ABFDCFA73011CA2CEA /* Classes */ = {
			isa = PBXGroup;
			children = (
				2EDBE8791303E30B00C28FA9 /* AppDelegate.h */,
				2EDBE87A1303E30B00C28FA9 /* AppDelegate.m */,
				2A37F4AEFDCFA73011CA2CEA /* MyDocument.h */,
				2A37F4ACFDCFA73011CA2CEA /* MyDocument.m */,
				2E177E68130408AA00BA1CA0 /* Controllers */,
				2E177E69130408C600BA1CA0 /* Views */,
			);
			name = Classes;
			sourceTree = "<group>";
		};
		2A37F4AFFDCFA73011CA2CEA /* Other Sources */ = {
			isa = PBXGroup;
			children = (
				2E177E5B1304086800BA1CA0 /* Remote Control */,
				2564AD2C0F5327BB00F57823 /* PDFPresenter_Prefix.pch */,
				2A37F4B0FDCFA73011CA2CEA /* main.m */,
			);
			name = "Other Sources";
			sourceTree = "<group>";
		};
		2A37F4B8FDCFA73011CA2CEA /* Resources */ = {
			isa = PBXGroup;
			children = (
				2E177E701304395500BA1CA0 /* README.md */,
				8D15AC360486D014006FF6A4 /* PDFPresenter-Info.plist */,
				089C165FFE840EACC02AAC07 /* InfoPlist.strings */,
				1DDD58280DA1D0D100B32029 /* MyDocument.xib */,
				1DDD582A0DA1D0D100B32029 /* MainMenu.xib */,
				2E94D7A51302F5D7009CBF8E /* TimerWindow.xib */,
				2E177E6C1304360600BA1CA0 /* Credits.rtf */,
				2E177E6E130436C500BA1CA0 /* LICENSE */,
			);
			name = Resources;
			sourceTree = "<group>";
		};
		2A37F4C3FDCFA73011CA2CEA /* Frameworks */ = {
			isa = PBXGroup;
			children = (
				1058C7A6FEA54F5311CA2CBB /* Linked Frameworks */,
				1058C7A8FEA54F5311CA2CBB /* Other Frameworks */,
			);
			name = Frameworks;
			sourceTree = "<group>";
		};
		2E177E5B1304086800BA1CA0 /* Remote Control */ = {
			isa = PBXGroup;
			children = (
				2E177E5C1304088300BA1CA0 /* RemoteControl.h */,
				2E177E5D1304088300BA1CA0 /* RemoteControl.m */,
				2E177E5E1304088300BA1CA0 /* HIDRemoteControlDevice.h */,
				2E177E5F1304088300BA1CA0 /* HIDRemoteControlDevice.m */,
				2E177E601304088300BA1CA0 /* AppleRemote.h */,
				2E177E611304088300BA1CA0 /* AppleRemote.m */,
				2E177E621304088300BA1CA0 /* MultiClickRemoteBehavior.h */,
				2E177E631304088300BA1CA0 /* MultiClickRemoteBehavior.m */,
			);
			name = "Remote Control";
			sourceTree = "<group>";
		};
		2E177E68130408AA00BA1CA0 /* Controllers */ = {
			isa = PBXGroup;
			children = (
				4EF3E358119323B500F79E6D /* MainWindowController.h */,
				4EF3E359119323B500F79E6D /* MainWindowController.m */,
				2E94D7A11302F561009CBF8E /* TimerWindowController.h */,
				2E94D7A21302F561009CBF8E /* TimerWindowController.m */,
			);
			name = Controllers;
			sourceTree = "<group>";
		};
		2E177E69130408C600BA1CA0 /* Views */ = {
			isa = PBXGroup;
			children = (
				4E43F460119A99AF00262785 /* SyncronizedPDFView.h */,
				4E43F461119A99AF00262785 /* SyncronizedPDFView.m */,
				4E43F51B119AF52100262785 /* PreviewPDFView.h */,
				4E43F51C119AF52100262785 /* PreviewPDFView.m */,
				4ED23BE11195C0D50098B479 /* FullscreenWindow.h */,
				4ED23BE21195C0D50098B479 /* FullscreenWindow.m */,
			);
			name = Views;
			sourceTree = "<group>";
		};
/* End PBXGroup section */

/* Begin PBXNativeTarget section */
		8D15AC270486D014006FF6A4 /* PDF Presenter */ = {
			isa = PBXNativeTarget;
			buildConfigurationList = C05733C708A9546B00998B17 /* Build configuration list for PBXNativeTarget "PDF Presenter" */;
			buildPhases = (
				8D15AC2B0486D014006FF6A4 /* Resources */,
				8D15AC300486D014006FF6A4 /* Sources */,
				8D15AC330486D014006FF6A4 /* Frameworks */,
			);
			buildRules = (
			);
			dependencies = (
			);
			name = "PDF Presenter";
			productInstallPath = "$(HOME)/Applications";
			productName = PDFPresenter;
			productReference = 4EE3EA1F119B2E8600A11CCA /* PDF Presenter.app */;
			productType = "com.apple.product-type.application";
		};
/* End PBXNativeTarget section */

/* Begin PBXProject section */
		2A37F4A9FDCFA73011CA2CEA /* Project object */ = {
			isa = PBXProject;
			buildConfigurationList = C05733CB08A9546B00998B17 /* Build configuration list for PBXProject "PDFPresenter" */;
			compatibilityVersion = "Xcode 3.1";
			developmentRegion = English;
			hasScannedForEncodings = 1;
			knownRegions = (
				English,
				Japanese,
				French,
				German,
			);
			mainGroup = 2A37F4AAFDCFA73011CA2CEA /* PDFPresenter */;
			projectDirPath = "";
			projectRoot = "";
			targets = (
				8D15AC270486D014006FF6A4 /* PDF Presenter */,
			);
		};
/* End PBXProject section */

/* Begin PBXResourcesBuildPhase section */
		8D15AC2B0486D014006FF6A4 /* Resources */ = {
			isa = PBXResourcesBuildPhase;
			buildActionMask = 2147483647;
			files = (
				8D15AC2F0486D014006FF6A4 /* InfoPlist.strings in Resources */,
				1DDD582C0DA1D0D100B32029 /* MyDocument.xib in Resources */,
				1DDD582D0DA1D0D100B32029 /* MainMenu.xib in Resources */,
				2E94D7A61302F5D7009CBF8E /* TimerWindow.xib in Resources */,
				2E177E6D1304360600BA1CA0 /* Credits.rtf in Resources */,
				2E177E6F130436C500BA1CA0 /* LICENSE in Resources */,
				2E177E711304395500BA1CA0 /* README.md in Resources */,
			);
			runOnlyForDeploymentPostprocessing = 0;
		};
/* End PBXResourcesBuildPhase section */

/* Begin PBXSourcesBuildPhase section */
		8D15AC300486D014006FF6A4 /* Sources */ = {
			isa = PBXSourcesBuildPhase;
			buildActionMask = 2147483647;
			files = (
				8D15AC310486D014006FF6A4 /* MyDocument.m in Sources */,
				8D15AC320486D014006FF6A4 /* main.m in Sources */,
				4EF3E35A119323B500F79E6D /* MainWindowController.m in Sources */,
				4ED23BE31195C0D50098B479 /* FullscreenWindow.m in Sources */,
				4E43F462119A99AF00262785 /* SyncronizedPDFView.m in Sources */,
				4E43F51D119AF52100262785 /* PreviewPDFView.m in Sources */,
				2E94D7A31302F561009CBF8E /* TimerWindowController.m in Sources */,
				2EDBE87B1303E30B00C28FA9 /* AppDelegate.m in Sources */,
				2E177E641304088300BA1CA0 /* RemoteControl.m in Sources */,
				2E177E651304088300BA1CA0 /* HIDRemoteControlDevice.m in Sources */,
				2E177E661304088300BA1CA0 /* AppleRemote.m in Sources */,
				2E177E671304088300BA1CA0 /* MultiClickRemoteBehavior.m in Sources */,
			);
			runOnlyForDeploymentPostprocessing = 0;
		};
/* End PBXSourcesBuildPhase section */

/* Begin PBXVariantGroup section */
		089C165FFE840EACC02AAC07 /* InfoPlist.strings */ = {
			isa = PBXVariantGroup;
			children = (
				089C1660FE840EACC02AAC07 /* English */,
			);
			name = InfoPlist.strings;
			sourceTree = "<group>";
		};
		1DDD58280DA1D0D100B32029 /* MyDocument.xib */ = {
			isa = PBXVariantGroup;
			children = (
				1DDD58290DA1D0D100B32029 /* English */,
			);
			name = MyDocument.xib;
			sourceTree = "<group>";
		};
		1DDD582A0DA1D0D100B32029 /* MainMenu.xib */ = {
			isa = PBXVariantGroup;
			children = (
				2EF58E5312F87A18008EB121 /* German */,
			);
			name = MainMenu.xib;
			sourceTree = "<group>";
		};
/* End PBXVariantGroup section */

/* Begin XCBuildConfiguration section */
		C05733C808A9546B00998B17 /* Debug */ = {
			isa = XCBuildConfiguration;
			buildSettings = {
				ALWAYS_SEARCH_USER_PATHS = NO;
				COPY_PHASE_STRIP = NO;
				GCC_DYNAMIC_NO_PIC = NO;
				GCC_ENABLE_FIX_AND_CONTINUE = YES;
				GCC_MODEL_TUNING = G5;
				GCC_OPTIMIZATION_LEVEL = 0;
				GCC_PRECOMPILE_PREFIX_HEADER = YES;
				GCC_PREFIX_HEADER = PDFPresenter_Prefix.pch;
				GCC_VERSION = com.apple.compilers.llvm.clang.1_0;
				INFOPLIST_FILE = "PDFPresenter-Info.plist";
				INSTALL_PATH = "$(HOME)/Applications";
				PRODUCT_NAME = PDFPresenter;
			};
			name = Debug;
		};
		C05733C908A9546B00998B17 /* Release */ = {
			isa = XCBuildConfiguration;
			buildSettings = {
				ALWAYS_SEARCH_USER_PATHS = NO;
				DEBUG_INFORMATION_FORMAT = "dwarf-with-dsym";
				GCC_MODEL_TUNING = G5;
				GCC_PRECOMPILE_PREFIX_HEADER = YES;
				GCC_PREFIX_HEADER = PDFPresenter_Prefix.pch;
				INFOPLIST_FILE = "PDFPresenter-Info.plist";
				INSTALL_PATH = "$(HOME)/Applications";
				PRODUCT_NAME = PDFPresenter;
			};
			name = Release;
		};
		C05733CC08A9546B00998B17 /* Debug */ = {
			isa = XCBuildConfiguration;
			buildSettings = {
				ARCHS = "$(ARCHS_STANDARD_32_64_BIT)";
				GCC_C_LANGUAGE_STANDARD = gnu99;
				GCC_OPTIMIZATION_LEVEL = 0;
				GCC_WARN_ABOUT_RETURN_TYPE = YES;
				GCC_WARN_UNUSED_VARIABLE = YES;
				ONLY_ACTIVE_ARCH = YES;
				PREBINDING = NO;
				SDKROOT = macosx10.6;
			};
			name = Debug;
		};
		C05733CD08A9546B00998B17 /* Release */ = {
			isa = XCBuildConfiguration;
			buildSettings = {
				ARCHS = "$(ARCHS_STANDARD_32_64_BIT)";
				GCC_C_LANGUAGE_STANDARD = gnu99;
				GCC_WARN_ABOUT_RETURN_TYPE = YES;
				GCC_WARN_UNUSED_VARIABLE = YES;
				PREBINDING = NO;
				SDKROOT = macosx10.6;
			};
			name = Release;
		};
/* End XCBuildConfiguration section */

/* Begin XCConfigurationList section */
		C05733C708A9546B00998B17 /* Build configuration list for PBXNativeTarget "PDF Presenter" */ = {
			isa = XCConfigurationList;
			buildConfigurations = (
				C05733C808A9546B00998B17 /* Debug */,
				C05733C908A9546B00998B17 /* Release */,
			);
			defaultConfigurationIsVisible = 0;
			defaultConfigurationName = Release;
		};
		C05733CB08A9546B00998B17 /* Build configuration list for PBXProject "PDFPresenter" */ = {
			isa = XCConfigurationList;
			buildConfigurations = (
				C05733CC08A9546B00998B17 /* Debug */,
				C05733CD08A9546B00998B17 /* Release */,
			);
			defaultConfigurationIsVisible = 0;
			defaultConfigurationName = Release;
		};
/* End XCConfigurationList section */
	};
	rootObject = 2A37F4A9FDCFA73011CA2CEA /* Project object */;
}
